// !$*UTF8*$!
{
	archiveVersion = 1;
	classes = {
	};
	objectVersion = 56;
	objects = {

/* Begin PBXBuildFile section */
		7B091FF72A69B74700ADD584 /* AppDelegate.swift in Sources */ = {isa = PBXBuildFile; fileRef = 7B091FF62A69B74700ADD584 /* AppDelegate.swift */; };
		7B091FFB2A69B74700ADD584 /* ViewController.swift in Sources */ = {isa = PBXBuildFile; fileRef = 7B091FFA2A69B74700ADD584 /* ViewController.swift */; };
		7B091FFE2A69B74700ADD584 /* Main.storyboard in Resources */ = {isa = PBXBuildFile; fileRef = 7B091FFC2A69B74700ADD584 /* Main.storyboard */; };
		7B0920012A69B74700ADD584 /* MultiPeerImage.xcdatamodeld in Sources */ = {isa = PBXBuildFile; fileRef = 7B091FFF2A69B74700ADD584 /* MultiPeerImage.xcdatamodeld */; };
		7B0920032A69B74900ADD584 /* Assets.xcassets in Resources */ = {isa = PBXBuildFile; fileRef = 7B0920022A69B74900ADD584 /* Assets.xcassets */; };
		7B0920062A69B74900ADD584 /* LaunchScreen.storyboard in Resources */ = {isa = PBXBuildFile; fileRef = 7B0920042A69B74900ADD584 /* LaunchScreen.storyboard */; };
		7B0920112A69B74A00ADD584 /* MultiPeerImageTests.swift in Sources */ = {isa = PBXBuildFile; fileRef = 7B0920102A69B74A00ADD584 /* MultiPeerImageTests.swift */; };
		7B09201B2A69B74A00ADD584 /* MultiPeerImageUITests.swift in Sources */ = {isa = PBXBuildFile; fileRef = 7B09201A2A69B74A00ADD584 /* MultiPeerImageUITests.swift */; };
		7B09201D2A69B74A00ADD584 /* MultiPeerImageUITestsLaunchTests.swift in Sources */ = {isa = PBXBuildFile; fileRef = 7B09201C2A69B74A00ADD584 /* MultiPeerImageUITestsLaunchTests.swift */; };
		7B7F5CDE2A85049600429DE0 /* Data.swift in Sources */ = {isa = PBXBuildFile; fileRef = 7B7F5CDD2A85049600429DE0 /* Data.swift */; };
/* End PBXBuildFile section */

/* Begin PBXContainerItemProxy section */
		7B09200D2A69B74A00ADD584 /* PBXContainerItemProxy */ = {
			isa = PBXContainerItemProxy;
			containerPortal = 7B091FEB2A69B74700ADD584 /* Project object */;
			proxyType = 1;
			remoteGlobalIDString = 7B091FF22A69B74700ADD584;
			remoteInfo = MultiPeerImage;
		};
		7B0920172A69B74A00ADD584 /* PBXContainerItemProxy */ = {
			isa = PBXContainerItemProxy;
			containerPortal = 7B091FEB2A69B74700ADD584 /* Project object */;
			proxyType = 1;
			remoteGlobalIDString = 7B091FF22A69B74700ADD584;
			remoteInfo = MultiPeerImage;
		};
/* End PBXContainerItemProxy section */

/* Begin PBXFileReference section */
		7B091FF32A69B74700ADD584 /* MultiPeerImage.app */ = {isa = PBXFileReference; explicitFileType = wrapper.application; includeInIndex = 0; path = MultiPeerImage.app; sourceTree = BUILT_PRODUCTS_DIR; };
		7B091FF62A69B74700ADD584 /* AppDelegate.swift */ = {isa = PBXFileReference; lastKnownFileType = sourcecode.swift; path = AppDelegate.swift; sourceTree = "<group>"; };
		7B091FFA2A69B74700ADD584 /* ViewController.swift */ = {isa = PBXFileReference; lastKnownFileType = sourcecode.swift; path = ViewController.swift; sourceTree = "<group>"; };
		7B091FFD2A69B74700ADD584 /* Base */ = {isa = PBXFileReference; lastKnownFileType = file.storyboard; name = Base; path = Base.lproj/Main.storyboard; sourceTree = "<group>"; };
		7B0920002A69B74700ADD584 /* MultiPeerImage.xcdatamodel */ = {isa = PBXFileReference; lastKnownFileType = wrapper.xcdatamodel; path = MultiPeerImage.xcdatamodel; sourceTree = "<group>"; };
		7B0920022A69B74900ADD584 /* Assets.xcassets */ = {isa = PBXFileReference; lastKnownFileType = folder.assetcatalog; path = Assets.xcassets; sourceTree = "<group>"; };
		7B0920052A69B74900ADD584 /* Base */ = {isa = PBXFileReference; lastKnownFileType = file.storyboard; name = Base; path = Base.lproj/LaunchScreen.storyboard; sourceTree = "<group>"; };
		7B0920072A69B74900ADD584 /* Info.plist */ = {isa = PBXFileReference; lastKnownFileType = text.plist.xml; path = Info.plist; sourceTree = "<group>"; };
		7B09200C2A69B74A00ADD584 /* MultiPeerImageTests.xctest */ = {isa = PBXFileReference; explicitFileType = wrapper.cfbundle; includeInIndex = 0; path = MultiPeerImageTests.xctest; sourceTree = BUILT_PRODUCTS_DIR; };
		7B0920102A69B74A00ADD584 /* MultiPeerImageTests.swift */ = {isa = PBXFileReference; lastKnownFileType = sourcecode.swift; path = MultiPeerImageTests.swift; sourceTree = "<group>"; };
		7B0920162A69B74A00ADD584 /* MultiPeerImageUITests.xctest */ = {isa = PBXFileReference; explicitFileType = wrapper.cfbundle; includeInIndex = 0; path = MultiPeerImageUITests.xctest; sourceTree = BUILT_PRODUCTS_DIR; };
		7B09201A2A69B74A00ADD584 /* MultiPeerImageUITests.swift */ = {isa = PBXFileReference; lastKnownFileType = sourcecode.swift; path = MultiPeerImageUITests.swift; sourceTree = "<group>"; };
		7B09201C2A69B74A00ADD584 /* MultiPeerImageUITestsLaunchTests.swift */ = {isa = PBXFileReference; lastKnownFileType = sourcecode.swift; path = MultiPeerImageUITestsLaunchTests.swift; sourceTree = "<group>"; };
		7B0920292A69BED200ADD584 /* MultiPeerImage.entitlements */ = {isa = PBXFileReference; lastKnownFileType = text.plist.entitlements; path = MultiPeerImage.entitlements; sourceTree = "<group>"; };
		7B7F5CDD2A85049600429DE0 /* Data.swift */ = {isa = PBXFileReference; lastKnownFileType = sourcecode.swift; path = Data.swift; sourceTree = "<group>"; };
/* End PBXFileReference section */

/* Begin PBXFrameworksBuildPhase section */
		7B091FF02A69B74700ADD584 /* Frameworks */ = {
			isa = PBXFrameworksBuildPhase;
			buildActionMask = 2147483647;
			files = (
			);
			runOnlyForDeploymentPostprocessing = 0;
		};
		7B0920092A69B74A00ADD584 /* Frameworks */ = {
			isa = PBXFrameworksBuildPhase;
			buildActionMask = 2147483647;
			files = (
			);
			runOnlyForDeploymentPostprocessing = 0;
		};
		7B0920132A69B74A00ADD584 /* Frameworks */ = {
			isa = PBXFrameworksBuildPhase;
			buildActionMask = 2147483647;
			files = (
			);
			runOnlyForDeploymentPostprocessing = 0;
		};
/* End PBXFrameworksBuildPhase section */

/* Begin PBXGroup section */
		7B091FEA2A69B74700ADD584 = {
			isa = PBXGroup;
			children = (
				7B091FF52A69B74700ADD584 /* MultiPeerImage */,
				7B09200F2A69B74A00ADD584 /* MultiPeerImageTests */,
				7B0920192A69B74A00ADD584 /* MultiPeerImageUITests */,
				7B091FF42A69B74700ADD584 /* Products */,
			);
			sourceTree = "<group>";
		};
		7B091FF42A69B74700ADD584 /* Products */ = {
			isa = PBXGroup;
			children = (
				7B091FF32A69B74700ADD584 /* MultiPeerImage.app */,
				7B09200C2A69B74A00ADD584 /* MultiPeerImageTests.xctest */,
				7B0920162A69B74A00ADD584 /* MultiPeerImageUITests.xctest */,
			);
			name = Products;
			sourceTree = "<group>";
		};
		7B091FF52A69B74700ADD584 /* MultiPeerImage */ = {
			isa = PBXGroup;
			children = (
				7B0920292A69BED200ADD584 /* MultiPeerImage.entitlements */,
				7B091FF62A69B74700ADD584 /* AppDelegate.swift */,
				7B091FFA2A69B74700ADD584 /* ViewController.swift */,
				7B7F5CDD2A85049600429DE0 /* Data.swift */,
				7B091FFC2A69B74700ADD584 /* Main.storyboard */,
				7B0920022A69B74900ADD584 /* Assets.xcassets */,
				7B0920042A69B74900ADD584 /* LaunchScreen.storyboard */,
				7B0920072A69B74900ADD584 /* Info.plist */,
				7B091FFF2A69B74700ADD584 /* MultiPeerImage.xcdatamodeld */,
			);
			path = MultiPeerImage;
			sourceTree = "<group>";
		};
		7B09200F2A69B74A00ADD584 /* MultiPeerImageTests */ = {
			isa = PBXGroup;
			children = (
				7B0920102A69B74A00ADD584 /* MultiPeerImageTests.swift */,
			);
			path = MultiPeerImageTests;
			sourceTree = "<group>";
		};
		7B0920192A69B74A00ADD584 /* MultiPeerImageUITests */ = {
			isa = PBXGroup;
			children = (
				7B09201A2A69B74A00ADD584 /* MultiPeerImageUITests.swift */,
				7B09201C2A69B74A00ADD584 /* MultiPeerImageUITestsLaunchTests.swift */,
			);
			path = MultiPeerImageUITests;
			sourceTree = "<group>";
		};
/* End PBXGroup section */

/* Begin PBXNativeTarget section */
		7B091FF22A69B74700ADD584 /* MultiPeerImage */ = {
			isa = PBXNativeTarget;
			buildConfigurationList = 7B0920202A69B74A00ADD584 /* Build configuration list for PBXNativeTarget "MultiPeerImage" */;
			buildPhases = (
				7B091FEF2A69B74700ADD584 /* Sources */,
				7B091FF02A69B74700ADD584 /* Frameworks */,
				7B091FF12A69B74700ADD584 /* Resources */,
			);
			buildRules = (
			);
			dependencies = (
			);
			name = MultiPeerImage;
			productName = MultiPeerImage;
			productReference = 7B091FF32A69B74700ADD584 /* MultiPeerImage.app */;
			productType = "com.apple.product-type.application";
		};
		7B09200B2A69B74A00ADD584 /* MultiPeerImageTests */ = {
			isa = PBXNativeTarget;
			buildConfigurationList = 7B0920232A69B74A00ADD584 /* Build configuration list for PBXNativeTarget "MultiPeerImageTests" */;
			buildPhases = (
				7B0920082A69B74A00ADD584 /* Sources */,
				7B0920092A69B74A00ADD584 /* Frameworks */,
				7B09200A2A69B74A00ADD584 /* Resources */,
			);
			buildRules = (
			);
			dependencies = (
				7B09200E2A69B74A00ADD584 /* PBXTargetDependency */,
			);
			name = MultiPeerImageTests;
			productName = MultiPeerImageTests;
			productReference = 7B09200C2A69B74A00ADD584 /* MultiPeerImageTests.xctest */;
			productType = "com.apple.product-type.bundle.unit-test";
		};
		7B0920152A69B74A00ADD584 /* MultiPeerImageUITests */ = {
			isa = PBXNativeTarget;
			buildConfigurationList = 7B0920262A69B74A00ADD584 /* Build configuration list for PBXNativeTarget "MultiPeerImageUITests" */;
			buildPhases = (
				7B0920122A69B74A00ADD584 /* Sources */,
				7B0920132A69B74A00ADD584 /* Frameworks */,
				7B0920142A69B74A00ADD584 /* Resources */,
			);
			buildRules = (
			);
			dependencies = (
				7B0920182A69B74A00ADD584 /* PBXTargetDependency */,
			);
			name = MultiPeerImageUITests;
			productName = MultiPeerImageUITests;
			productReference = 7B0920162A69B74A00ADD584 /* MultiPeerImageUITests.xctest */;
			productType = "com.apple.product-type.bundle.ui-testing";
		};
/* End PBXNativeTarget section */

/* Begin PBXProject section */
		7B091FEB2A69B74700ADD584 /* Project object */ = {
			isa = PBXProject;
			attributes = {
				BuildIndependentTargetsInParallel = 1;
				LastSwiftUpdateCheck = 1430;
				LastUpgradeCheck = 1430;
				TargetAttributes = {
					7B091FF22A69B74700ADD584 = {
						CreatedOnToolsVersion = 14.3.1;
					};
					7B09200B2A69B74A00ADD584 = {
						CreatedOnToolsVersion = 14.3.1;
						TestTargetID = 7B091FF22A69B74700ADD584;
					};
					7B0920152A69B74A00ADD584 = {
						CreatedOnToolsVersion = 14.3.1;
						TestTargetID = 7B091FF22A69B74700ADD584;
					};
				};
			};
			buildConfigurationList = 7B091FEE2A69B74700ADD584 /* Build configuration list for PBXProject "MultiPeerImage" */;
			compatibilityVersion = "Xcode 14.0";
			developmentRegion = en;
			hasScannedForEncodings = 0;
			knownRegions = (
				en,
				Base,
			);
			mainGroup = 7B091FEA2A69B74700ADD584;
			productRefGroup = 7B091FF42A69B74700ADD584 /* Products */;
			projectDirPath = "";
			projectRoot = "";
			targets = (
				7B091FF22A69B74700ADD584 /* MultiPeerImage */,
				7B09200B2A69B74A00ADD584 /* MultiPeerImageTests */,
				7B0920152A69B74A00ADD584 /* MultiPeerImageUITests */,
			);
		};
/* End PBXProject section */

/* Begin PBXResourcesBuildPhase section */
		7B091FF12A69B74700ADD584 /* Resources */ = {
			isa = PBXResourcesBuildPhase;
			buildActionMask = 2147483647;
			files = (
				7B0920062A69B74900ADD584 /* LaunchScreen.storyboard in Resources */,
				7B0920032A69B74900ADD584 /* Assets.xcassets in Resources */,
				7B091FFE2A69B74700ADD584 /* Main.storyboard in Resources */,
			);
			runOnlyForDeploymentPostprocessing = 0;
		};
		7B09200A2A69B74A00ADD584 /* Resources */ = {
			isa = PBXResourcesBuildPhase;
			buildActionMask = 2147483647;
			files = (
			);
			runOnlyForDeploymentPostprocessing = 0;
		};
		7B0920142A69B74A00ADD584 /* Resources */ = {
			isa = PBXResourcesBuildPhase;
			buildActionMask = 2147483647;
			files = (
			);
			runOnlyForDeploymentPostprocessing = 0;
		};
/* End PBXResourcesBuildPhase section */

/* Begin PBXSourcesBuildPhase section */
		7B091FEF2A69B74700ADD584 /* Sources */ = {
			isa = PBXSourcesBuildPhase;
			buildActionMask = 2147483647;
			files = (
				7B091FFB2A69B74700ADD584 /* ViewController.swift in Sources */,
				7B0920012A69B74700ADD584 /* MultiPeerImage.xcdatamodeld in Sources */,
				7B091FF72A69B74700ADD584 /* AppDelegate.swift in Sources */,
				7B7F5CDE2A85049600429DE0 /* Data.swift in Sources */,
			);
			runOnlyForDeploymentPostprocessing = 0;
		};
		7B0920082A69B74A00ADD584 /* Sources */ = {
			isa = PBXSourcesBuildPhase;
			buildActionMask = 2147483647;
			files = (
				7B0920112A69B74A00ADD584 /* MultiPeerImageTests.swift in Sources */,
			);
			runOnlyForDeploymentPostprocessing = 0;
		};
		7B0920122A69B74A00ADD584 /* Sources */ = {
			isa = PBXSourcesBuildPhase;
			buildActionMask = 2147483647;
			files = (
				7B09201D2A69B74A00ADD584 /* MultiPeerImageUITestsLaunchTests.swift in Sources */,
				7B09201B2A69B74A00ADD584 /* MultiPeerImageUITests.swift in Sources */,
			);
			runOnlyForDeploymentPostprocessing = 0;
		};
/* End PBXSourcesBuildPhase section */

/* Begin PBXTargetDependency section */
		7B09200E2A69B74A00ADD584 /* PBXTargetDependency */ = {
			isa = PBXTargetDependency;
			target = 7B091FF22A69B74700ADD584 /* MultiPeerImage */;
			targetProxy = 7B09200D2A69B74A00ADD584 /* PBXContainerItemProxy */;
		};
		7B0920182A69B74A00ADD584 /* PBXTargetDependency */ = {
			isa = PBXTargetDependency;
			target = 7B091FF22A69B74700ADD584 /* MultiPeerImage */;
			targetProxy = 7B0920172A69B74A00ADD584 /* PBXContainerItemProxy */;
		};
/* End PBXTargetDependency section */

/* Begin PBXVariantGroup section */
		7B091FFC2A69B74700ADD584 /* Main.storyboard */ = {
			isa = PBXVariantGroup;
			children = (
				7B091FFD2A69B74700ADD584 /* Base */,
			);
			name = Main.storyboard;
			sourceTree = "<group>";
		};
		7B0920042A69B74900ADD584 /* LaunchScreen.storyboard */ = {
			isa = PBXVariantGroup;
			children = (
				7B0920052A69B74900ADD584 /* Base */,
			);
			name = LaunchScreen.storyboard;
			sourceTree = "<group>";
		};
/* End PBXVariantGroup section */

/* Begin XCBuildConfiguration section */
		7B09201E2A69B74A00ADD584 /* Debug */ = {
			isa = XCBuildConfiguration;
			buildSettings = {
				ALWAYS_SEARCH_USER_PATHS = NO;
				CLANG_ANALYZER_NONNULL = YES;
				CLANG_ANALYZER_NUMBER_OBJECT_CONVERSION = YES_AGGRESSIVE;
				CLANG_CXX_LANGUAGE_STANDARD = "gnu++20";
				CLANG_ENABLE_MODULES = YES;
				CLANG_ENABLE_OBJC_ARC = YES;
				CLANG_ENABLE_OBJC_WEAK = YES;
				CLANG_WARN_BLOCK_CAPTURE_AUTORELEASING = YES;
				CLANG_WARN_BOOL_CONVERSION = YES;
				CLANG_WARN_COMMA = YES;
				CLANG_WARN_CONSTANT_CONVERSION = YES;
				CLANG_WARN_DEPRECATED_OBJC_IMPLEMENTATIONS = YES;
				CLANG_WARN_DIRECT_OBJC_ISA_USAGE = YES_ERROR;
				CLANG_WARN_DOCUMENTATION_COMMENTS = YES;
				CLANG_WARN_EMPTY_BODY = YES;
				CLANG_WARN_ENUM_CONVERSION = YES;
				CLANG_WARN_INFINITE_RECURSION = YES;
				CLANG_WARN_INT_CONVERSION = YES;
				CLANG_WARN_NON_LITERAL_NULL_CONVERSION = YES;
				CLANG_WARN_OBJC_IMPLICIT_RETAIN_SELF = YES;
				CLANG_WARN_OBJC_LITERAL_CONVERSION = YES;
				CLANG_WARN_OBJC_ROOT_CLASS = YES_ERROR;
				CLANG_WARN_QUOTED_INCLUDE_IN_FRAMEWORK_HEADER = YES;
				CLANG_WARN_RANGE_LOOP_ANALYSIS = YES;
				CLANG_WARN_STRICT_PROTOTYPES = YES;
				CLANG_WARN_SUSPICIOUS_MOVE = YES;
				CLANG_WARN_UNGUARDED_AVAILABILITY = YES_AGGRESSIVE;
				CLANG_WARN_UNREACHABLE_CODE = YES;
				CLANG_WARN__DUPLICATE_METHOD_MATCH = YES;
				COPY_PHASE_STRIP = NO;
				DEBUG_INFORMATION_FORMAT = dwarf;
				ENABLE_STRICT_OBJC_MSGSEND = YES;
				ENABLE_TESTABILITY = YES;
				GCC_C_LANGUAGE_STANDARD = gnu11;
				GCC_DYNAMIC_NO_PIC = NO;
				GCC_NO_COMMON_BLOCKS = YES;
				GCC_OPTIMIZATION_LEVEL = 0;
				GCC_PREPROCESSOR_DEFINITIONS = (
					"DEBUG=1",
					"$(inherited)",
				);
				GCC_WARN_64_TO_32_BIT_CONVERSION = YES;
				GCC_WARN_ABOUT_RETURN_TYPE = YES_ERROR;
				GCC_WARN_UNDECLARED_SELECTOR = YES;
				GCC_WARN_UNINITIALIZED_AUTOS = YES_AGGRESSIVE;
				GCC_WARN_UNUSED_FUNCTION = YES;
				GCC_WARN_UNUSED_VARIABLE = YES;
				IPHONEOS_DEPLOYMENT_TARGET = 16.4;
				MTL_ENABLE_DEBUG_INFO = INCLUDE_SOURCE;
				MTL_FAST_MATH = YES;
				ONLY_ACTIVE_ARCH = YES;
				SDKROOT = iphoneos;
				SWIFT_ACTIVE_COMPILATION_CONDITIONS = DEBUG;
				SWIFT_OPTIMIZATION_LEVEL = "-Onone";
			};
			name = Debug;
		};
		7B09201F2A69B74A00ADD584 /* Release */ = {
			isa = XCBuildConfiguration;
			buildSettings = {
				ALWAYS_SEARCH_USER_PATHS = NO;
				CLANG_ANALYZER_NONNULL = YES;
				CLANG_ANALYZER_NUMBER_OBJECT_CONVERSION = YES_AGGRESSIVE;
				CLANG_CXX_LANGUAGE_STANDARD = "gnu++20";
				CLANG_ENABLE_MODULES = YES;
				CLANG_ENABLE_OBJC_ARC = YES;
				CLANG_ENABLE_OBJC_WEAK = YES;
				CLANG_WARN_BLOCK_CAPTURE_AUTORELEASING = YES;
				CLANG_WARN_BOOL_CONVERSION = YES;
				CLANG_WARN_COMMA = YES;
				CLANG_WARN_CONSTANT_CONVERSION = YES;
				CLANG_WARN_DEPRECATED_OBJC_IMPLEMENTATIONS = YES;
				CLANG_WARN_DIRECT_OBJC_ISA_USAGE = YES_ERROR;
				CLANG_WARN_DOCUMENTATION_COMMENTS = YES;
				CLANG_WARN_EMPTY_BODY = YES;
				CLANG_WARN_ENUM_CONVERSION = YES;
				CLANG_WARN_INFINITE_RECURSION = YES;
				CLANG_WARN_INT_CONVERSION = YES;
				CLANG_WARN_NON_LITERAL_NULL_CONVERSION = YES;
				CLANG_WARN_OBJC_IMPLICIT_RETAIN_SELF = YES;
				CLANG_WARN_OBJC_LITERAL_CONVERSION = YES;
				CLANG_WARN_OBJC_ROOT_CLASS = YES_ERROR;
				CLANG_WARN_QUOTED_INCLUDE_IN_FRAMEWORK_HEADER = YES;
				CLANG_WARN_RANGE_LOOP_ANALYSIS = YES;
				CLANG_WARN_STRICT_PROTOTYPES = YES;
				CLANG_WARN_SUSPICIOUS_MOVE = YES;
				CLANG_WARN_UNGUARDED_AVAILABILITY = YES_AGGRESSIVE;
				CLANG_WARN_UNREACHABLE_CODE = YES;
				CLANG_WARN__DUPLICATE_METHOD_MATCH = YES;
				COPY_PHASE_STRIP = NO;
				DEBUG_INFORMATION_FORMAT = "dwarf-with-dsym";
				ENABLE_NS_ASSERTIONS = NO;
				ENABLE_STRICT_OBJC_MSGSEND = YES;
				GCC_C_LANGUAGE_STANDARD = gnu11;
				GCC_NO_COMMON_BLOCKS = YES;
				GCC_WARN_64_TO_32_BIT_CONVERSION = YES;
				GCC_WARN_ABOUT_RETURN_TYPE = YES_ERROR;
				GCC_WARN_UNDECLARED_SELECTOR = YES;
				GCC_WARN_UNINITIALIZED_AUTOS = YES_AGGRESSIVE;
				GCC_WARN_UNUSED_FUNCTION = YES;
				GCC_WARN_UNUSED_VARIABLE = YES;
				IPHONEOS_DEPLOYMENT_TARGET = 16.4;
				MTL_ENABLE_DEBUG_INFO = NO;
				MTL_FAST_MATH = YES;
				SDKROOT = iphoneos;
				SWIFT_COMPILATION_MODE = wholemodule;
				SWIFT_OPTIMIZATION_LEVEL = "-O";
				VALIDATE_PRODUCT = YES;
			};
			name = Release;
		};
		7B0920212A69B74A00ADD584 /* Debug */ = {
			isa = XCBuildConfiguration;
			buildSettings = {
				ASSETCATALOG_COMPILER_APPICON_NAME = AppIcon;
				ASSETCATALOG_COMPILER_GLOBAL_ACCENT_COLOR_NAME = AccentColor;
				CODE_SIGN_ENTITLEMENTS = MultiPeerImage/MultiPeerImage.entitlements;
				CODE_SIGN_STYLE = Automatic;
				CURRENT_PROJECT_VERSION = 1;
				DEVELOPMENT_TEAM = 3UHTMV6K9G;
				GENERATE_INFOPLIST_FILE = YES;
				INFOPLIST_FILE = MultiPeerImage/Info.plist;
				INFOPLIST_KEY_UIApplicationSupportsIndirectInputEvents = YES;
				INFOPLIST_KEY_UILaunchStoryboardName = LaunchScreen;
				INFOPLIST_KEY_UIMainStoryboardFile = Main;
				INFOPLIST_KEY_UISupportedInterfaceOrientations_iPad = "UIInterfaceOrientationPortrait UIInterfaceOrientationPortraitUpsideDown UIInterfaceOrientationLandscapeLeft UIInterfaceOrientationLandscapeRight";
				INFOPLIST_KEY_UISupportedInterfaceOrientations_iPhone = "UIInterfaceOrientationPortrait UIInterfaceOrientationLandscapeLeft UIInterfaceOrientationLandscapeRight";
				LD_RUNPATH_SEARCH_PATHS = (
					"$(inherited)",
					"@executable_path/Frameworks",
				);
				MARKETING_VERSION = 1.0;
				PRODUCT_BUNDLE_IDENTIFIER = com.patriciasampaio.MultiPeerImage;
				PRODUCT_NAME = "$(TARGET_NAME)";
				SUPPORTED_PLATFORMS = "iphoneos iphonesimulator";
				SUPPORTS_MACCATALYST = YES;
				SUPPORTS_MAC_DESIGNED_FOR_IPHONE_IPAD = NO;
				SWIFT_EMIT_LOC_STRINGS = YES;
				SWIFT_VERSION = 5.0;
				TARGETED_DEVICE_FAMILY = "1,2";
			};
			name = Debug;
		};
		7B0920222A69B74A00ADD584 /* Release */ = {
			isa = XCBuildConfiguration;
			buildSettings = {
				ASSETCATALOG_COMPILER_APPICON_NAME = AppIcon;
				ASSETCATALOG_COMPILER_GLOBAL_ACCENT_COLOR_NAME = AccentColor;
				CODE_SIGN_ENTITLEMENTS = MultiPeerImage/MultiPeerImage.entitlements;
				CODE_SIGN_STYLE = Automatic;
				CURRENT_PROJECT_VERSION = 1;
				DEVELOPMENT_TEAM = 3UHTMV6K9G;
				GENERATE_INFOPLIST_FILE = YES;
				INFOPLIST_FILE = MultiPeerImage/Info.plist;
				INFOPLIST_KEY_UIApplicationSupportsIndirectInputEvents = YES;
				INFOPLIST_KEY_UILaunchStoryboardName = LaunchScreen;
				INFOPLIST_KEY_UIMainStoryboardFile = Main;
				INFOPLIST_KEY_UISupportedInterfaceOrientations_iPad = "UIInterfaceOrientationPortrait UIInterfaceOrientationPortraitUpsideDown UIInterfaceOrientationLandscapeLeft UIInterfaceOrientationLandscapeRight";
				INFOPLIST_KEY_UISupportedInterfaceOrientations_iPhone = "UIInterfaceOrientationPortrait UIInterfaceOrientationLandscapeLeft UIInterfaceOrientationLandscapeRight";
				LD_RUNPATH_SEARCH_PATHS = (
					"$(inherited)",
					"@executable_path/Frameworks",
				);
				MARKETING_VERSION = 1.0;
				PRODUCT_BUNDLE_IDENTIFIER = com.patriciasampaio.MultiPeerImage;
				PRODUCT_NAME = "$(TARGET_NAME)";
				SUPPORTED_PLATFORMS = "iphoneos iphonesimulator";
				SUPPORTS_MACCATALYST = YES;
				SUPPORTS_MAC_DESIGNED_FOR_IPHONE_IPAD = NO;
				SWIFT_EMIT_LOC_STRINGS = YES;
				SWIFT_VERSION = 5.0;
				TARGETED_DEVICE_FAMILY = "1,2";
			};
			name = Release;
		};
		7B0920242A69B74A00ADD584 /* Debug */ = {
			isa = XCBuildConfiguration;
			buildSettings = {
				ALWAYS_EMBED_SWIFT_STANDARD_LIBRARIES = YES;
				BUNDLE_LOADER = "$(TEST_HOST)";
				CODE_SIGN_STYLE = Automatic;
				CURRENT_PROJECT_VERSION = 1;
				DEVELOPMENT_TEAM = 3UHTMV6K9G;
				GENERATE_INFOPLIST_FILE = YES;
				IPHONEOS_DEPLOYMENT_TARGET = 16.4;
				MARKETING_VERSION = 1.0;
				PRODUCT_BUNDLE_IDENTIFIER = com.patriciasampaio.MultiPeerImageTests;
				PRODUCT_NAME = "$(TARGET_NAME)";
				SWIFT_EMIT_LOC_STRINGS = NO;
				SWIFT_VERSION = 5.0;
				TARGETED_DEVICE_FAMILY = "1,2";
				TEST_HOST = "$(BUILT_PRODUCTS_DIR)/MultiPeerImage.app/$(BUNDLE_EXECUTABLE_FOLDER_PATH)/MultiPeerImage";
			};
			name = Debug;
		};
		7B0920252A69B74A00ADD584 /* Release */ = {
			isa = XCBuildConfiguration;
			buildSettings = {
				ALWAYS_EMBED_SWIFT_STANDARD_LIBRARIES = YES;
				BUNDLE_LOADER = "$(TEST_HOST)";
				CODE_SIGN_STYLE = Automatic;
				CURRENT_PROJECT_VERSION = 1;
				DEVELOPMENT_TEAM = 3UHTMV6K9G;
				GENERATE_INFOPLIST_FILE = YES;
				IPHONEOS_DEPLOYMENT_TARGET = 16.4;
				MARKETING_VERSION = 1.0;
				PRODUCT_BUNDLE_IDENTIFIER = com.patriciasampaio.MultiPeerImageTests;
				PRODUCT_NAME = "$(TARGET_NAME)";
				SWIFT_EMIT_LOC_STRINGS = NO;
				SWIFT_VERSION = 5.0;
				TARGETED_DEVICE_FAMILY = "1,2";
				TEST_HOST = "$(BUILT_PRODUCTS_DIR)/MultiPeerImage.app/$(BUNDLE_EXECUTABLE_FOLDER_PATH)/MultiPeerImage";
			};
			name = Release;
		};
		7B0920272A69B74A00ADD584 /* Debug */ = {
			isa = XCBuildConfiguration;
			buildSettings = {
				ALWAYS_EMBED_SWIFT_STANDARD_LIBRARIES = YES;
				CODE_SIGN_STYLE = Automatic;
				CURRENT_PROJECT_VERSION = 1;
				DEVELOPMENT_TEAM = 3UHTMV6K9G;
				GENERATE_INFOPLIST_FILE = YES;
				MARKETING_VERSION = 1.0;
				PRODUCT_BUNDLE_IDENTIFIER = com.patriciasampaio.MultiPeerImageUITests;
				PRODUCT_NAME = "$(TARGET_NAME)";
				SWIFT_EMIT_LOC_STRINGS = NO;
				SWIFT_VERSION = 5.0;
				TARGETED_DEVICE_FAMILY = "1,2";
				TEST_TARGET_NAME = MultiPeerImage;
			};
			name = Debug;
		};
		7B0920282A69B74A00ADD584 /* Release */ = {
			isa = XCBuildConfiguration;
			buildSettings = {
				ALWAYS_EMBED_SWIFT_STANDARD_LIBRARIES = YES;
				CODE_SIGN_STYLE = Automatic;
				CURRENT_PROJECT_VERSION = 1;
				DEVELOPMENT_TEAM = 3UHTMV6K9G;
				GENERATE_INFOPLIST_FILE = YES;
				MARKETING_VERSION = 1.0;
				PRODUCT_BUNDLE_IDENTIFIER = com.patriciasampaio.MultiPeerImageUITests;
				PRODUCT_NAME = "$(TARGET_NAME)";
				SWIFT_EMIT_LOC_STRINGS = NO;
				SWIFT_VERSION = 5.0;
				TARGETED_DEVICE_FAMILY = "1,2";
				TEST_TARGET_NAME = MultiPeerImage;
			};
			name = Release;
		};
/* End XCBuildConfiguration section */

/* Begin XCConfigurationList section */
		7B091FEE2A69B74700ADD584 /* Build configuration list for PBXProject "MultiPeerImage" */ = {
			isa = XCConfigurationList;
			buildConfigurations = (
				7B09201E2A69B74A00ADD584 /* Debug */,
				7B09201F2A69B74A00ADD584 /* Release */,
			);
			defaultConfigurationIsVisible = 0;
			defaultConfigurationName = Release;
		};
		7B0920202A69B74A00ADD584 /* Build configuration list for PBXNativeTarget "MultiPeerImage" */ = {
			isa = XCConfigurationList;
			buildConfigurations = (
				7B0920212A69B74A00ADD584 /* Debug */,
				7B0920222A69B74A00ADD584 /* Release */,
			);
			defaultConfigurationIsVisible = 0;
			defaultConfigurationName = Release;
		};
		7B0920232A69B74A00ADD584 /* Build configuration list for PBXNativeTarget "MultiPeerImageTests" */ = {
			isa = XCConfigurationList;
			buildConfigurations = (
				7B0920242A69B74A00ADD584 /* Debug */,
				7B0920252A69B74A00ADD584 /* Release */,
			);
			defaultConfigurationIsVisible = 0;
			defaultConfigurationName = Release;
		};
		7B0920262A69B74A00ADD584 /* Build configuration list for PBXNativeTarget "MultiPeerImageUITests" */ = {
			isa = XCConfigurationList;
			buildConfigurations = (
				7B0920272A69B74A00ADD584 /* Debug */,
				7B0920282A69B74A00ADD584 /* Release */,
			);
			defaultConfigurationIsVisible = 0;
			defaultConfigurationName = Release;
		};
/* End XCConfigurationList section */

/* Begin XCVersionGroup section */
		7B091FFF2A69B74700ADD584 /* MultiPeerImage.xcdatamodeld */ = {
			isa = XCVersionGroup;
			children = (
				7B0920002A69B74700ADD584 /* MultiPeerImage.xcdatamodel */,
			);
			currentVersion = 7B0920002A69B74700ADD584 /* MultiPeerImage.xcdatamodel */;
			path = MultiPeerImage.xcdatamodeld;
			sourceTree = "<group>";
			versionGroupType = wrapper.xcdatamodel;
		};
/* End XCVersionGroup section */
	};
	rootObject = 7B091FEB2A69B74700ADD584 /* Project object */;
}
